Microsoft Visual Studio Solution File, Format Version 12.00
# Visual Studio 2012
Project("{FAE04EC0-301F-11D3-BF4B-00C04F79EFBC}") = "RealFriendlyFarm", "RealFriendlyFarm.csproj", "{D08457B9-73B8-4532-9EFB-725D08A8B6CB}"
EndProject
Project("{FAE04EC0-301F-11D3-BF4B-00C04F79EFBC}") = "Core", "addons\Core\Core.csproj", "{087456DA-5857-4C07-8EAC-D6C174D3E58C}"
EndProject
Project("{FAE04EC0-301F-11D3-BF4B-00C04F79EFBC}") = "Core.Godot", "addons\Core.Godot\Core.Godot.csproj", "{2BE3628E-77C5-4BBC-B769-E9694426DCCC}"
EndProject
Global
	GlobalSection(SolutionConfigurationPlatforms) = preSolution
	Debug|Any CPU = Debug|Any CPU
	ExportDebug|Any CPU = ExportDebug|Any CPU
	ExportRelease|Any CPU = ExportRelease|Any CPU
	EndGlobalSection
	GlobalSection(ProjectConfigurationPlatforms) = postSolution
		{D08457B9-73B8-4532-9EFB-725D08A8B6CB}.Debug|Any CPU.ActiveCfg = Debug|Any CPU
		{D08457B9-73B8-4532-9EFB-725D08A8B6CB}.Debug|Any CPU.Build.0 = Debug|Any CPU
		{D08457B9-73B8-4532-9EFB-725D08A8B6CB}.ExportDebug|Any CPU.ActiveCfg = ExportDebug|Any CPU
		{D08457B9-73B8-4532-9EFB-725D08A8B6CB}.ExportDebug|Any CPU.Build.0 = ExportDebug|Any CPU
		{D08457B9-73B8-4532-9EFB-725D08A8B6CB}.ExportRelease|Any CPU.ActiveCfg = ExportRelease|Any CPU
		{D08457B9-73B8-4532-9EFB-725D08A8B6CB}.ExportRelease|Any CPU.Build.0 = ExportRelease|Any CPU
		{087456DA-5857-4C07-8EAC-D6C174D3E58C}.Debug|Any CPU.ActiveCfg = Debug|Any CPU
		{087456DA-5857-4C07-8EAC-D6C174D3E58C}.Debug|Any CPU.Build.0 = Debug|Any CPU
		{087456DA-5857-4C07-8EAC-D6C174D3E58C}.ExportDebug|Any CPU.ActiveCfg = Debug|Any CPU
		{087456DA-5857-4C07-8EAC-D6C174D3E58C}.ExportDebug|Any CPU.Build.0 = Debug|Any CPU
		{087456DA-5857-4C07-8EAC-D6C174D3E58C}.ExportRelease|Any CPU.ActiveCfg = Debug|Any CPU
		{087456DA-5857-4C07-8EAC-D6C174D3E58C}.ExportRelease|Any CPU.Build.0 = Debug|Any CPU
		{2BE3628E-77C5-4BBC-B769-E9694426DCCC}.Debug|Any CPU.ActiveCfg = Debug|Any CPU
		{2BE3628E-77C5-4BBC-B769-E9694426DCCC}.Debug|Any CPU.Build.0 = Debug|Any CPU
		{2BE3628E-77C5-4BBC-B769-E9694426DCCC}.ExportDebug|Any CPU.ActiveCfg = Debug|Any CPU
		{2BE3628E-77C5-4BBC-B769-E9694426DCCC}.ExportDebug|Any CPU.Build.0 = Debug|Any CPU
		{2BE3628E-77C5-4BBC-B769-E9694426DCCC}.ExportRelease|Any CPU.ActiveCfg = Debug|Any CPU
		{2BE3628E-77C5-4BBC-B769-E9694426DCCC}.ExportRelease|Any CPU.Build.0 = Debug|Any CPU
	EndGlobalSection
EndGlobal
